// !$*UTF8*$!
{
	archiveVersion = 1;
	classes = {
	};
	objectVersion = 50;
	objects = {

/* Begin PBXBuildFile section */
		142A42B620EE3C4100184299 /* AppDelegate.swift in Sources */ = {isa = PBXBuildFile; fileRef = 142A42B520EE3C4100184299 /* AppDelegate.swift */; };
		142A42B820EE3C4100184299 /* ViewController.swift in Sources */ = {isa = PBXBuildFile; fileRef = 142A42B720EE3C4100184299 /* ViewController.swift */; };
		142A42BB20EE3C4100184299 /* Main.storyboard in Resources */ = {isa = PBXBuildFile; fileRef = 142A42B920EE3C4100184299 /* Main.storyboard */; };
		142A42BD20EE3C4400184299 /* Assets.xcassets in Resources */ = {isa = PBXBuildFile; fileRef = 142A42BC20EE3C4400184299 /* Assets.xcassets */; };
		142A42C020EE3C4400184299 /* LaunchScreen.storyboard in Resources */ = {isa = PBXBuildFile; fileRef = 142A42BE20EE3C4400184299 /* LaunchScreen.storyboard */; };
		142A42CB20EE3C4400184299 /* SkyTests.swift in Sources */ = {isa = PBXBuildFile; fileRef = 142A42CA20EE3C4400184299 /* SkyTests.swift */; };
		142A42D620EE3C4400184299 /* SkyUITests.swift in Sources */ = {isa = PBXBuildFile; fileRef = 142A42D520EE3C4400184299 /* SkyUITests.swift */; };
/* End PBXBuildFile section */

/* Begin PBXContainerItemProxy section */
		142A42C720EE3C4400184299 /* PBXContainerItemProxy */ = {
			isa = PBXContainerItemProxy;
			containerPortal = 142A42AA20EE3C4100184299 /* Project object */;
			proxyType = 1;
			remoteGlobalIDString = 142A42B120EE3C4100184299;
			remoteInfo = Sky;
		};
		142A42D220EE3C4400184299 /* PBXContainerItemProxy */ = {
			isa = PBXContainerItemProxy;
			containerPortal = 142A42AA20EE3C4100184299 /* Project object */;
			proxyType = 1;
			remoteGlobalIDString = 142A42B120EE3C4100184299;
			remoteInfo = Sky;
		};
/* End PBXContainerItemProxy section */

/* Begin PBXFileReference section */
		142A42B220EE3C4100184299 /* Sky.app */ = {isa = PBXFileReference; explicitFileType = wrapper.application; includeInIndex = 0; path = Sky.app; sourceTree = BUILT_PRODUCTS_DIR; };
		142A42B520EE3C4100184299 /* AppDelegate.swift */ = {isa = PBXFileReference; lastKnownFileType = sourcecode.swift; path = AppDelegate.swift; sourceTree = "<group>"; };
		142A42B720EE3C4100184299 /* ViewController.swift */ = {isa = PBXFileReference; lastKnownFileType = sourcecode.swift; path = ViewController.swift; sourceTree = "<group>"; };
		142A42BA20EE3C4100184299 /* Base */ = {isa = PBXFileReference; lastKnownFileType = file.storyboard; name = Base; path = Base.lproj/Main.storyboard; sourceTree = "<group>"; };
		142A42BC20EE3C4400184299 /* Assets.xcassets */ = {isa = PBXFileReference; lastKnownFileType = folder.assetcatalog; path = Assets.xcassets; sourceTree = "<group>"; };
		142A42BF20EE3C4400184299 /* Base */ = {isa = PBXFileReference; lastKnownFileType = file.storyboard; name = Base; path = Base.lproj/LaunchScreen.storyboard; sourceTree = "<group>"; };
		142A42C120EE3C4400184299 /* Info.plist */ = {isa = PBXFileReference; lastKnownFileType = text.plist.xml; path = Info.plist; sourceTree = "<group>"; };
		142A42C620EE3C4400184299 /* SkyTests.xctest */ = {isa = PBXFileReference; explicitFileType = wrapper.cfbundle; includeInIndex = 0; path = SkyTests.xctest; sourceTree = BUILT_PRODUCTS_DIR; };
		142A42CA20EE3C4400184299 /* SkyTests.swift */ = {isa = PBXFileReference; lastKnownFileType = sourcecode.swift; path = SkyTests.swift; sourceTree = "<group>"; };
		142A42CC20EE3C4400184299 /* Info.plist */ = {isa = PBXFileReference; lastKnownFileType = text.plist.xml; path = Info.plist; sourceTree = "<group>"; };
		142A42D120EE3C4400184299 /* SkyUITests.xctest */ = {isa = PBXFileReference; explicitFileType = wrapper.cfbundle; includeInIndex = 0; path = SkyUITests.xctest; sourceTree = BUILT_PRODUCTS_DIR; };
		142A42D520EE3C4400184299 /* SkyUITests.swift */ = {isa = PBXFileReference; lastKnownFileType = sourcecode.swift; path = SkyUITests.swift; sourceTree = "<group>"; };
		142A42D720EE3C4400184299 /* Info.plist */ = {isa = PBXFileReference; lastKnownFileType = text.plist.xml; path = Info.plist; sourceTree = "<group>"; };
/* End PBXFileReference section */

/* Begin PBXFrameworksBuildPhase section */
		142A42AF20EE3C4100184299 /* Frameworks */ = {
			isa = PBXFrameworksBuildPhase;
			buildActionMask = 2147483647;
			files = (
			);
			runOnlyForDeploymentPostprocessing = 0;
		};
		142A42C320EE3C4400184299 /* Frameworks */ = {
			isa = PBXFrameworksBuildPhase;
			buildActionMask = 2147483647;
			files = (
			);
			runOnlyForDeploymentPostprocessing = 0;
		};
		142A42CE20EE3C4400184299 /* Frameworks */ = {
			isa = PBXFrameworksBuildPhase;
			buildActionMask = 2147483647;
			files = (
			);
			runOnlyForDeploymentPostprocessing = 0;
		};
/* End PBXFrameworksBuildPhase section */

/* Begin PBXGroup section */
		142A42A920EE3C4100184299 = {
			isa = PBXGroup;
			children = (
				142A42B420EE3C4100184299 /* Sky */,
				142A42C920EE3C4400184299 /* SkyTests */,
				142A42D420EE3C4400184299 /* SkyUITests */,
				142A42B320EE3C4100184299 /* Products */,
			);
			sourceTree = "<group>";
		};
		142A42B320EE3C4100184299 /* Products */ = {
			isa = PBXGroup;
			children = (
				142A42B220EE3C4100184299 /* Sky.app */,
				142A42C620EE3C4400184299 /* SkyTests.xctest */,
				142A42D120EE3C4400184299 /* SkyUITests.xctest */,
			);
			name = Products;
			sourceTree = "<group>";
		};
		142A42B420EE3C4100184299 /* Sky */ = {
			isa = PBXGroup;
			children = (
				142A42E320EE3C7100184299 /* Delegates */,
				142A42E520EE3C8600184299 /* Resources */,
				142A42E620EE3CA800184299 /* Storyboards */,
				142A42E720EE3CB800184299 /* SupportingFiles */,
				142A42E420EE3C7D00184299 /* Viewcontrollers */,
			);
			path = Sky;
			sourceTree = "<group>";
		};
		142A42C920EE3C4400184299 /* SkyTests */ = {
			isa = PBXGroup;
			children = (
				142A42CA20EE3C4400184299 /* SkyTests.swift */,
				142A42CC20EE3C4400184299 /* Info.plist */,
			);
			path = SkyTests;
			sourceTree = "<group>";
		};
		142A42D420EE3C4400184299 /* SkyUITests */ = {
			isa = PBXGroup;
			children = (
				142A42D520EE3C4400184299 /* SkyUITests.swift */,
				142A42D720EE3C4400184299 /* Info.plist */,
			);
			path = SkyUITests;
			sourceTree = "<group>";
		};
		142A42E320EE3C7100184299 /* Delegates */ = {
			isa = PBXGroup;
			children = (
				142A42B520EE3C4100184299 /* AppDelegate.swift */,
			);
			path = Delegates;
			sourceTree = "<group>";
		};
		142A42E420EE3C7D00184299 /* Viewcontrollers */ = {
			isa = PBXGroup;
			children = (
				142A42B720EE3C4100184299 /* ViewController.swift */,
			);
			path = Viewcontrollers;
			sourceTree = "<group>";
		};
		142A42E520EE3C8600184299 /* Resources */ = {
			isa = PBXGroup;
			children = (
				142A42BC20EE3C4400184299 /* Assets.xcassets */,
			);
			path = Resources;
			sourceTree = "<group>";
		};
		142A42E620EE3CA800184299 /* Storyboards */ = {
			isa = PBXGroup;
			children = (
				142A42B920EE3C4100184299 /* Main.storyboard */,
				142A42BE20EE3C4400184299 /* LaunchScreen.storyboard */,
			);
			path = Storyboards;
			sourceTree = "<group>";
		};
		142A42E720EE3CB800184299 /* SupportingFiles */ = {
			isa = PBXGroup;
			children = (
				142A42C120EE3C4400184299 /* Info.plist */,
			);
			path = SupportingFiles;
			sourceTree = "<group>";
		};
/* End PBXGroup section */

/* Begin PBXNativeTarget section */
		142A42B120EE3C4100184299 /* Sky */ = {
			isa = PBXNativeTarget;
			buildConfigurationList = 142A42DA20EE3C4400184299 /* Build configuration list for PBXNativeTarget "Sky" */;
			buildPhases = (
				142A42AE20EE3C4100184299 /* Sources */,
				142A42AF20EE3C4100184299 /* Frameworks */,
				142A42B020EE3C4100184299 /* Resources */,
			);
			buildRules = (
			);
			dependencies = (
			);
			name = Sky;
			productName = Sky;
			productReference = 142A42B220EE3C4100184299 /* Sky.app */;
			productType = "com.apple.product-type.application";
		};
		142A42C520EE3C4400184299 /* SkyTests */ = {
			isa = PBXNativeTarget;
			buildConfigurationList = 142A42DD20EE3C4400184299 /* Build configuration list for PBXNativeTarget "SkyTests" */;
			buildPhases = (
				142A42C220EE3C4400184299 /* Sources */,
				142A42C320EE3C4400184299 /* Frameworks */,
				142A42C420EE3C4400184299 /* Resources */,
			);
			buildRules = (
			);
			dependencies = (
				142A42C820EE3C4400184299 /* PBXTargetDependency */,
			);
			name = SkyTests;
			productName = SkyTests;
			productReference = 142A42C620EE3C4400184299 /* SkyTests.xctest */;
			productType = "com.apple.product-type.bundle.unit-test";
		};
		142A42D020EE3C4400184299 /* SkyUITests */ = {
			isa = PBXNativeTarget;
			buildConfigurationList = 142A42E020EE3C4400184299 /* Build configuration list for PBXNativeTarget "SkyUITests" */;
			buildPhases = (
				142A42CD20EE3C4400184299 /* Sources */,
				142A42CE20EE3C4400184299 /* Frameworks */,
				142A42CF20EE3C4400184299 /* Resources */,
			);
			buildRules = (
			);
			dependencies = (
				142A42D320EE3C4400184299 /* PBXTargetDependency */,
			);
			name = SkyUITests;
			productName = SkyUITests;
			productReference = 142A42D120EE3C4400184299 /* SkyUITests.xctest */;
			productType = "com.apple.product-type.bundle.ui-testing";
		};
/* End PBXNativeTarget section */

/* Begin PBXProject section */
		142A42AA20EE3C4100184299 /* Project object */ = {
			isa = PBXProject;
			attributes = {
				LastSwiftUpdateCheck = 0930;
				LastUpgradeCheck = 0930;
				ORGANIZATIONNAME = "成";
				TargetAttributes = {
					142A42B120EE3C4100184299 = {
						CreatedOnToolsVersion = 9.3.1;
					};
					142A42C520EE3C4400184299 = {
						CreatedOnToolsVersion = 9.3.1;
						TestTargetID = 142A42B120EE3C4100184299;
					};
					142A42D020EE3C4400184299 = {
						CreatedOnToolsVersion = 9.3.1;
						TestTargetID = 142A42B120EE3C4100184299;
					};
				};
			};
			buildConfigurationList = 142A42AD20EE3C4100184299 /* Build configuration list for PBXProject "Sky" */;
			compatibilityVersion = "Xcode 9.3";
			developmentRegion = en;
			hasScannedForEncodings = 0;
			knownRegions = (
				en,
				Base,
			);
			mainGroup = 142A42A920EE3C4100184299;
			productRefGroup = 142A42B320EE3C4100184299 /* Products */;
			projectDirPath = "";
			projectRoot = "";
			targets = (
				142A42B120EE3C4100184299 /* Sky */,
				142A42C520EE3C4400184299 /* SkyTests */,
				142A42D020EE3C4400184299 /* SkyUITests */,
			);
		};
/* End PBXProject section */

/* Begin PBXResourcesBuildPhase section */
		142A42B020EE3C4100184299 /* Resources */ = {
			isa = PBXResourcesBuildPhase;
			buildActionMask = 2147483647;
			files = (
				142A42C020EE3C4400184299 /* LaunchScreen.storyboard in Resources */,
				142A42BD20EE3C4400184299 /* Assets.xcassets in Resources */,
				142A42BB20EE3C4100184299 /* Main.storyboard in Resources */,
			);
			runOnlyForDeploymentPostprocessing = 0;
		};
		142A42C420EE3C4400184299 /* Resources */ = {
			isa = PBXResourcesBuildPhase;
			buildActionMask = 2147483647;
			files = (
			);
			runOnlyForDeploymentPostprocessing = 0;
		};
		142A42CF20EE3C4400184299 /* Resources */ = {
			isa = PBXResourcesBuildPhase;
			buildActionMask = 2147483647;
			files = (
			);
			runOnlyForDeploymentPostprocessing = 0;
		};
/* End PBXResourcesBuildPhase section */

/* Begin PBXSourcesBuildPhase section */
		142A42AE20EE3C4100184299 /* Sources */ = {
			isa = PBXSourcesBuildPhase;
			buildActionMask = 2147483647;
			files = (
				142A42B820EE3C4100184299 /* ViewController.swift in Sources */,
				142A42B620EE3C4100184299 /* AppDelegate.swift in Sources */,
			);
			runOnlyForDeploymentPostprocessing = 0;
		};
		142A42C220EE3C4400184299 /* Sources */ = {
			isa = PBXSourcesBuildPhase;
			buildActionMask = 2147483647;
			files = (
				142A42CB20EE3C4400184299 /* SkyTests.swift in Sources */,
			);
			runOnlyForDeploymentPostprocessing = 0;
		};
		142A42CD20EE3C4400184299 /* Sources */ = {
			isa = PBXSourcesBuildPhase;
			buildActionMask = 2147483647;
			files = (
				142A42D620EE3C4400184299 /* SkyUITests.swift in Sources */,
			);
			runOnlyForDeploymentPostprocessing = 0;
		};
/* End PBXSourcesBuildPhase section */

/* Begin PBXTargetDependency section */
		142A42C820EE3C4400184299 /* PBXTargetDependency */ = {
			isa = PBXTargetDependency;
			target = 142A42B120EE3C4100184299 /* Sky */;
			targetProxy = 142A42C720EE3C4400184299 /* PBXContainerItemProxy */;
		};
		142A42D320EE3C4400184299 /* PBXTargetDependency */ = {
			isa = PBXTargetDependency;
			target = 142A42B120EE3C4100184299 /* Sky */;
			targetProxy = 142A42D220EE3C4400184299 /* PBXContainerItemProxy */;
		};
/* End PBXTargetDependency section */

/* Begin PBXVariantGroup section */
		142A42B920EE3C4100184299 /* Main.storyboard */ = {
			isa = PBXVariantGroup;
			children = (
				142A42BA20EE3C4100184299 /* Base */,
			);
			name = Main.storyboard;
			sourceTree = "<group>";
		};
		142A42BE20EE3C4400184299 /* LaunchScreen.storyboard */ = {
			isa = PBXVariantGroup;
			children = (
				142A42BF20EE3C4400184299 /* Base */,
			);
			name = LaunchScreen.storyboard;
			sourceTree = "<group>";
		};
/* End PBXVariantGroup section */

/* Begin XCBuildConfiguration section */
		142A42D820EE3C4400184299 /* Debug */ = {
			isa = XCBuildConfiguration;
			buildSettings = {
				ALWAYS_SEARCH_USER_PATHS = NO;
				CLANG_ANALYZER_NONNULL = YES;
				CLANG_ANALYZER_NUMBER_OBJECT_CONVERSION = YES_AGGRESSIVE;
				CLANG_CXX_LANGUAGE_STANDARD = "gnu++14";
				CLANG_CXX_LIBRARY = "libc++";
				CLANG_ENABLE_MODULES = YES;
				CLANG_ENABLE_OBJC_ARC = YES;
				CLANG_ENABLE_OBJC_WEAK = YES;
				CLANG_WARN_BLOCK_CAPTURE_AUTORELEASING = YES;
				CLANG_WARN_BOOL_CONVERSION = YES;
				CLANG_WARN_COMMA = YES;
				CLANG_WARN_CONSTANT_CONVERSION = YES;
				CLANG_WARN_DEPRECATED_OBJC_IMPLEMENTATIONS = YES;
				CLANG_WARN_DIRECT_OBJC_ISA_USAGE = YES_ERROR;
				CLANG_WARN_DOCUMENTATION_COMMENTS = YES;
				CLANG_WARN_EMPTY_BODY = YES;
				CLANG_WARN_ENUM_CONVERSION = YES;
				CLANG_WARN_INFINITE_RECURSION = YES;
				CLANG_WARN_INT_CONVERSION = YES;
				CLANG_WARN_NON_LITERAL_NULL_CONVERSION = YES;
				CLANG_WARN_OBJC_IMPLICIT_RETAIN_SELF = YES;
				CLANG_WARN_OBJC_LITERAL_CONVERSION = YES;
				CLANG_WARN_OBJC_ROOT_CLASS = YES_ERROR;
				CLANG_WARN_RANGE_LOOP_ANALYSIS = YES;
				CLANG_WARN_STRICT_PROTOTYPES = YES;
				CLANG_WARN_SUSPICIOUS_MOVE = YES;
				CLANG_WARN_UNGUARDED_AVAILABILITY = YES_AGGRESSIVE;
				CLANG_WARN_UNREACHABLE_CODE = YES;
				CLANG_WARN__DUPLICATE_METHOD_MATCH = YES;
				CODE_SIGN_IDENTITY = "iPhone Developer";
				COPY_PHASE_STRIP = NO;
				DEBUG_INFORMATION_FORMAT = dwarf;
				ENABLE_STRICT_OBJC_MSGSEND = YES;
				ENABLE_TESTABILITY = YES;
				GCC_C_LANGUAGE_STANDARD = gnu11;
				GCC_DYNAMIC_NO_PIC = NO;
				GCC_NO_COMMON_BLOCKS = YES;
				GCC_OPTIMIZATION_LEVEL = 0;
				GCC_PREPROCESSOR_DEFINITIONS = (
					"DEBUG=1",
					"$(inherited)",
				);
				GCC_WARN_64_TO_32_BIT_CONVERSION = YES;
				GCC_WARN_ABOUT_RETURN_TYPE = YES_ERROR;
				GCC_WARN_UNDECLARED_SELECTOR = YES;
				GCC_WARN_UNINITIALIZED_AUTOS = YES_AGGRESSIVE;
				GCC_WARN_UNUSED_FUNCTION = YES;
				GCC_WARN_UNUSED_VARIABLE = YES;
				IPHONEOS_DEPLOYMENT_TARGET = 11.3;
				MTL_ENABLE_DEBUG_INFO = YES;
				ONLY_ACTIVE_ARCH = YES;
				SDKROOT = iphoneos;
				SWIFT_ACTIVE_COMPILATION_CONDITIONS = DEBUG;
				SWIFT_OPTIMIZATION_LEVEL = "-Onone";
			};
			name = Debug;
		};
		142A42D920EE3C4400184299 /* Release */ = {
			isa = XCBuildConfiguration;
			buildSettings = {
				ALWAYS_SEARCH_USER_PATHS = NO;
				CLANG_ANALYZER_NONNULL = YES;
				CLANG_ANALYZER_NUMBER_OBJECT_CONVERSION = YES_AGGRESSIVE;
				CLANG_CXX_LANGUAGE_STANDARD = "gnu++14";
				CLANG_CXX_LIBRARY = "libc++";
				CLANG_ENABLE_MODULES = YES;
				CLANG_ENABLE_OBJC_ARC = YES;
				CLANG_ENABLE_OBJC_WEAK = YES;
				CLANG_WARN_BLOCK_CAPTURE_AUTORELEASING = YES;
				CLANG_WARN_BOOL_CONVERSION = YES;
				CLANG_WARN_COMMA = YES;
				CLANG_WARN_CONSTANT_CONVERSION = YES;
				CLANG_WARN_DEPRECATED_OBJC_IMPLEMENTATIONS = YES;
				CLANG_WARN_DIRECT_OBJC_ISA_USAGE = YES_ERROR;
				CLANG_WARN_DOCUMENTATION_COMMENTS = YES;
				CLANG_WARN_EMPTY_BODY = YES;
				CLANG_WARN_ENUM_CONVERSION = YES;
				CLANG_WARN_INFINITE_RECURSION = YES;
				CLANG_WARN_INT_CONVERSION = YES;
				CLANG_WARN_NON_LITERAL_NULL_CONVERSION = YES;
				CLANG_WARN_OBJC_IMPLICIT_RETAIN_SELF = YES;
				CLANG_WARN_OBJC_LITERAL_CONVERSION = YES;
				CLANG_WARN_OBJC_ROOT_CLASS = YES_ERROR;
				CLANG_WARN_RANGE_LOOP_ANALYSIS = YES;
				CLANG_WARN_STRICT_PROTOTYPES = YES;
				CLANG_WARN_SUSPICIOUS_MOVE = YES;
				CLANG_WARN_UNGUARDED_AVAILABILITY = YES_AGGRESSIVE;
				CLANG_WARN_UNREACHABLE_CODE = YES;
				CLANG_WARN__DUPLICATE_METHOD_MATCH = YES;
				CODE_SIGN_IDENTITY = "iPhone Developer";
				COPY_PHASE_STRIP = NO;
				DEBUG_INFORMATION_FORMAT = "dwarf-with-dsym";
				ENABLE_NS_ASSERTIONS = NO;
				ENABLE_STRICT_OBJC_MSGSEND = YES;
				GCC_C_LANGUAGE_STANDARD = gnu11;
				GCC_NO_COMMON_BLOCKS = YES;
				GCC_WARN_64_TO_32_BIT_CONVERSION = YES;
				GCC_WARN_ABOUT_RETURN_TYPE = YES_ERROR;
				GCC_WARN_UNDECLARED_SELECTOR = YES;
				GCC_WARN_UNINITIALIZED_AUTOS = YES_AGGRESSIVE;
				GCC_WARN_UNUSED_FUNCTION = YES;
				GCC_WARN_UNUSED_VARIABLE = YES;
				IPHONEOS_DEPLOYMENT_TARGET = 11.3;
				MTL_ENABLE_DEBUG_INFO = NO;
				SDKROOT = iphoneos;
				SWIFT_COMPILATION_MODE = wholemodule;
				SWIFT_OPTIMIZATION_LEVEL = "-O";
				VALIDATE_PRODUCT = YES;
			};
			name = Release;
		};
		142A42DB20EE3C4400184299 /* Debug */ = {
			isa = XCBuildConfiguration;
			buildSettings = {
				ASSETCATALOG_COMPILER_APPICON_NAME = AppIcon;
				CODE_SIGN_STYLE = Automatic;
				INFOPLIST_FILE = Sky/SupportingFiles/Info.plist;
				LD_RUNPATH_SEARCH_PATHS = (
					"$(inherited)",
					"@executable_path/Frameworks",
				);
				PRODUCT_BUNDLE_IDENTIFIER = cppteam.ios.Sky;
				PRODUCT_NAME = "$(TARGET_NAME)";
				SWIFT_VERSION = 4.0;
				TARGETED_DEVICE_FAMILY = "1,2";
			};
			name = Debug;
		};
		142A42DC20EE3C4400184299 /* Release */ = {
			isa = XCBuildConfiguration;
			buildSettings = {
				ASSETCATALOG_COMPILER_APPICON_NAME = AppIcon;
				CODE_SIGN_STYLE = Automatic;
				INFOPLIST_FILE = Sky/SupportingFiles/Info.plist;
				LD_RUNPATH_SEARCH_PATHS = (
					"$(inherited)",
					"@executable_path/Frameworks",
				);
				PRODUCT_BUNDLE_IDENTIFIER = cppteam.ios.Sky;
				PRODUCT_NAME = "$(TARGET_NAME)";
				SWIFT_VERSION = 4.0;
				TARGETED_DEVICE_FAMILY = "1,2";
			};
			name = Release;
		};
		142A42DE20EE3C4400184299 /* Debug */ = {
			isa = XCBuildConfiguration;
			buildSettings = {
				ALWAYS_EMBED_SWIFT_STANDARD_LIBRARIES = YES;
				BUNDLE_LOADER = "$(TEST_HOST)";
				CODE_SIGN_STYLE = Automatic;
				INFOPLIST_FILE = SkyTests/Info.plist;
				LD_RUNPATH_SEARCH_PATHS = (
					"$(inherited)",
					"@executable_path/Frameworks",
					"@loader_path/Frameworks",
				);
				PRODUCT_BUNDLE_IDENTIFIER = cppteam.ios.SkyTests;
				PRODUCT_NAME = "$(TARGET_NAME)";
				SWIFT_VERSION = 4.0;
				TARGETED_DEVICE_FAMILY = "1,2";
				TEST_HOST = "$(BUILT_PRODUCTS_DIR)/Sky.app/Sky";
			};
			name = Debug;
		};
		142A42DF20EE3C4400184299 /* Release */ = {
			isa = XCBuildConfiguration;
			buildSettings = {
				ALWAYS_EMBED_SWIFT_STANDARD_LIBRARIES = YES;
				BUNDLE_LOADER = "$(TEST_HOST)";
				CODE_SIGN_STYLE = Automatic;
				INFOPLIST_FILE = SkyTests/Info.plist;
				LD_RUNPATH_SEARCH_PATHS = (
					"$(inherited)",
					"@executable_path/Frameworks",
					"@loader_path/Frameworks",
				);
				PRODUCT_BUNDLE_IDENTIFIER = cppteam.ios.SkyTests;
				PRODUCT_NAME = "$(TARGET_NAME)";
				SWIFT_VERSION = 4.0;
				TARGETED_DEVICE_FAMILY = "1,2";
				TEST_HOST = "$(BUILT_PRODUCTS_DIR)/Sky.app/Sky";
			};
			name = Release;
		};
		142A42E120EE3C4400184299 /* Debug */ = {
			isa = XCBuildConfiguration;
			buildSettings = {
				ALWAYS_EMBED_SWIFT_STANDARD_LIBRARIES = YES;
				CODE_SIGN_STYLE = Automatic;
				INFOPLIST_FILE = SkyUITests/Info.plist;
				LD_RUNPATH_SEARCH_PATHS = (
					"$(inherited)",
					"@executable_path/Frameworks",
					"@loader_path/Frameworks",
				);
				PRODUCT_BUNDLE_IDENTIFIER = cppteam.ios.SkyUITests;
				PRODUCT_NAME = "$(TARGET_NAME)";
				SWIFT_VERSION = 4.0;
				TARGETED_DEVICE_FAMILY = "1,2";
				TEST_TARGET_NAME = Sky;
			};
			name = Debug;
		};
		142A42E220EE3C4400184299 /* Release */ = {
			isa = XCBuildConfiguration;
			buildSettings = {
				ALWAYS_EMBED_SWIFT_STANDARD_LIBRARIES = YES;
				CODE_SIGN_STYLE = Automatic;
				INFOPLIST_FILE = SkyUITests/Info.plist;
				LD_RUNPATH_SEARCH_PATHS = (
					"$(inherited)",
					"@executable_path/Frameworks",
					"@loader_path/Frameworks",
				);
				PRODUCT_BUNDLE_IDENTIFIER = cppteam.ios.SkyUITests;
				PRODUCT_NAME = "$(TARGET_NAME)";
				SWIFT_VERSION = 4.0;
				TARGETED_DEVICE_FAMILY = "1,2";
				TEST_TARGET_NAME = Sky;
			};
			name = Release;
		};
/* End XCBuildConfiguration section */

/* Begin XCConfigurationList section */
		142A42AD20EE3C4100184299 /* Build configuration list for PBXProject "Sky" */ = {
			isa = XCConfigurationList;
			buildConfigurations = (
				142A42D820EE3C4400184299 /* Debug */,
				142A42D920EE3C4400184299 /* Release */,
			);
			defaultConfigurationIsVisible = 0;
			defaultConfigurationName = Release;
		};
		142A42DA20EE3C4400184299 /* Build configuration list for PBXNativeTarget "Sky" */ = {
			isa = XCConfigurationList;
			buildConfigurations = (
				142A42DB20EE3C4400184299 /* Debug */,
				142A42DC20EE3C4400184299 /* Release */,
			);
			defaultConfigurationIsVisible = 0;
			defaultConfigurationName = Release;
		};
		142A42DD20EE3C4400184299 /* Build configuration list for PBXNativeTarget "SkyTests" */ = {
			isa = XCConfigurationList;
			buildConfigurations = (
				142A42DE20EE3C4400184299 /* Debug */,
				142A42DF20EE3C4400184299 /* Release */,
			);
			defaultConfigurationIsVisible = 0;
			defaultConfigurationName = Release;
		};
		142A42E020EE3C4400184299 /* Build configuration list for PBXNativeTarget "SkyUITests" */ = {
			isa = XCConfigurationList;
			buildConfigurations = (
				142A42E120EE3C4400184299 /* Debug */,
				142A42E220EE3C4400184299 /* Release */,
			);
			defaultConfigurationIsVisible = 0;
			defaultConfigurationName = Release;
		};
/* End XCConfigurationList section */
	};
	rootObject = 142A42AA20EE3C4100184299 /* Project object */;
}
